<?xml version="1.0" encoding="UTF-8" standalone="yes" ?>
<CodeBlocks_project_file>
	<FileVersion major="1" minor="6" />
	<Project>
		<Option title="Dwarfen Defender" />
		<Option pch_mode="2" />
		<Option compiler="gcc" />
		<Build>
			<Target title="Debug">
				<Option output="bin\Debug\Dwarfen Defender" prefix_auto="1" extension_auto="1" />
				<Option object_output="obj\Debug\" />
				<Option type="1" />
				<Option compiler="gcc" />
				<Compiler>
					<Add option="-g" />
				</Compiler>
				<Linker>
					<Add option="-lglu32 -lopengl32" />
					<Add library="mingw32" />
					<Add library="SDLmain" />
					<Add library="SDL" />
				</Linker>
			</Target>
			<Target title="Release">
				<Option output="bin\Release\Dwarfen Defender" prefix_auto="1" extension_auto="1" />
				<Option object_output="obj\Release\" />
				<Option type="1" />
				<Option compiler="gcc" />
				<Compiler>
					<Add option="-O2" />
				</Compiler>
				<Linker>
					<Add option="-s" />
				</Linker>
			</Target>
		</Build>
		<Compiler>
			<Add option="-Wall" />
		</Compiler>
		<Linker>
			<Add option="-lglu32 -lopengl32" />
			<Add library="mingw32" />
			<Add library="SDLmain" />
			<Add library="SDL" />
		</Linker>
		<Unit filename="DEvent.h" />
		<Unit filename="DMain.cpp" />
		<Unit filename="DMain.h" />
		<Unit filename="Intersections.h" />
		<Extensions>
			<code_completion />
			<debugger />
		</Extensions>
	</Project>
</CodeBlocks_project_file>
